
Microsoft Visual Studio Solution File, Format Version 12.00
# Visual Studio Version 17
VisualStudioVersion = 17.8.34330.188
MinimumVisualStudioVersion = 10.0.40219.1
Project("{FAE04EC0-301F-11D3-BF4B-00C04F79EFBC}") = "Demo1", "Demo1\Demo1.csproj", "{8255FF69-8CA3-4D13-856C-60171EECDADF}"
EndProject
Global
	GlobalSection(SolutionConfigurationPlatforms) = preSolution
		Debug|Any CPU = Debug|Any CPU
		Release|Any CPU = Release|Any CPU
	EndGlobalSection
	GlobalSection(ProjectConfigurationPlatforms) = postSolution
		{8255FF69-8CA3-4D13-856C-60171EECDADF}.Debug|Any CPU.ActiveCfg = Debug|Any CPU
		{8255FF69-8CA3-4D13-856C-60171EECDADF}.Debug|Any CPU.Build.0 = Debug|Any CPU
		{8255FF69-8CA3-4D13-856C-60171EECDADF}.Release|Any CPU.ActiveCfg = Release|Any CPU
		{8255FF69-8CA3-4D13-856C-60171EECDADF}.Release|Any CPU.Build.0 = Release|Any CPU
	EndGlobalSection
	GlobalSection(SolutionProperties) = preSolution
		HideSolutionNode = FALSE
	EndGlobalSection
	GlobalSection(ExtensibilityGlobals) = postSolution
		SolutionGuid = {8D77C1E9-1A93-4340-A511-2647F16AE6B0}
	EndGlobalSection
EndGlobal
